
Microsoft Visual Studio Solution File, Format Version 11.00
# Visual C++ Express 2010
Project("{8BC9CEB8-8B4A-11D0-8D11-00A0C91BC942}") = "PORR", "PORR\PORR.vcxproj", "{41616F99-A788-4939-B214-E6065AAD6133}"
EndProject
Project("{8BC9CEB8-8B4A-11D0-8D11-00A0C91BC942}") = "PORR OpenMP", "PORR OpenMP\PORR OpenMP.vcxproj", "{08AE064C-FA83-4256-A4BE-8F622813DB14}"
EndProject
Global
	GlobalSection(SolutionConfigurationPlatforms) = preSolution
		Debug|Win32 = Debug|Win32
		Release|Win32 = Release|Win32
	EndGlobalSection
	GlobalSection(ProjectConfigurationPlatforms) = postSolution
		{41616F99-A788-4939-B214-E6065AAD6133}.Debug|Win32.ActiveCfg = Debug|Win32
		{41616F99-A788-4939-B214-E6065AAD6133}.Debug|Win32.Build.0 = Debug|Win32
		{41616F99-A788-4939-B214-E6065AAD6133}.Release|Win32.ActiveCfg = Release|Win32
		{41616F99-A788-4939-B214-E6065AAD6133}.Release|Win32.Build.0 = Release|Win32
		{08AE064C-FA83-4256-A4BE-8F622813DB14}.Debug|Win32.ActiveCfg = Debug|Win32
		{08AE064C-FA83-4256-A4BE-8F622813DB14}.Debug|Win32.Build.0 = Debug|Win32
		{08AE064C-FA83-4256-A4BE-8F622813DB14}.Release|Win32.ActiveCfg = Release|Win32
		{08AE064C-FA83-4256-A4BE-8F622813DB14}.Release|Win32.Build.0 = Release|Win32
	EndGlobalSection
	GlobalSection(SolutionProperties) = preSolution
		HideSolutionNode = FALSE
	EndGlobalSection
EndGlobal
